
Microsoft Visual Studio Solution File, Format Version 12.00
# Visual Studio Version 17
VisualStudioVersion = 17.4.33110.190
MinimumVisualStudioVersion = 10.0.40219.1
Project("{9A19103F-16F7-4668-BE54-9A1E7A4F7556}") = "ModificadoresDeAcesso", "ModificadoresDeAcesso\ModificadoresDeAcesso.csproj", "{70565598-ABDA-490B-97DA-412D443CED85}"
EndProject
Project("{9A19103F-16F7-4668-BE54-9A1E7A4F7556}") = "ClasseCaneta", "ClasseCaneta\ClasseCaneta.csproj", "{2C7ED470-C34F-474E-ACD5-445204E9C59B}"
EndProject
Project("{9A19103F-16F7-4668-BE54-9A1E7A4F7556}") = "PessoaGetterSetters", "PessoaGetterSetters\PessoaGetterSetters.csproj", "{9B97F2BC-233F-4E1D-A42B-4DB8D848050D}"
EndProject
Project("{9A19103F-16F7-4668-BE54-9A1E7A4F7556}") = "ProjetoTelevisao", "ProjetoTelevisao\ProjetoTelevisao.csproj", "{CD55A097-C9F2-4704-A55D-292EADE562F3}"
EndProject
Project("{9A19103F-16F7-4668-BE54-9A1E7A4F7556}") = "ProjetoTelevisaoConstrutor", "ProjetoTelevisaoConstrutor\ProjetoTelevisaoConstrutor.csproj", "{053845B1-AA69-4A21-ABB6-69D6DBAC3422}"
EndProject
Project("{9A19103F-16F7-4668-BE54-9A1E7A4F7556}") = "RevisaoPOO", "RevisaoPOO\RevisaoPOO.csproj", "{1459775B-E569-41E9-A01C-2FCC92E7CAA7}"
EndProject
Project("{FAE04EC0-301F-11D3-BF4B-00C04F79EFBC}") = "SmartphoneClasseAbstrata", "SmartphoneClasseAbstrata\SmartphoneClasseAbstrata.csproj", "{540A13CA-108C-4600-A7C5-A0BA0C4CEDBC}"
EndProject
Project("{FAE04EC0-301F-11D3-BF4B-00C04F79EFBC}") = "ExercicioReflection", "ExercicioReflection\ExercicioReflection.csproj", "{7FE0B88B-E2CC-422C-BBA9-40B7B31EB83D}"
EndProject
Global
	GlobalSection(SolutionConfigurationPlatforms) = preSolution
		Debug|Any CPU = Debug|Any CPU
		Release|Any CPU = Release|Any CPU
	EndGlobalSection
	GlobalSection(ProjectConfigurationPlatforms) = postSolution
		{70565598-ABDA-490B-97DA-412D443CED85}.Debug|Any CPU.ActiveCfg = Debug|Any CPU
		{70565598-ABDA-490B-97DA-412D443CED85}.Debug|Any CPU.Build.0 = Debug|Any CPU
		{70565598-ABDA-490B-97DA-412D443CED85}.Release|Any CPU.ActiveCfg = Release|Any CPU
		{70565598-ABDA-490B-97DA-412D443CED85}.Release|Any CPU.Build.0 = Release|Any CPU
		{2C7ED470-C34F-474E-ACD5-445204E9C59B}.Debug|Any CPU.ActiveCfg = Debug|Any CPU
		{2C7ED470-C34F-474E-ACD5-445204E9C59B}.Debug|Any CPU.Build.0 = Debug|Any CPU
		{2C7ED470-C34F-474E-ACD5-445204E9C59B}.Release|Any CPU.ActiveCfg = Release|Any CPU
		{2C7ED470-C34F-474E-ACD5-445204E9C59B}.Release|Any CPU.Build.0 = Release|Any CPU
		{9B97F2BC-233F-4E1D-A42B-4DB8D848050D}.Debug|Any CPU.ActiveCfg = Debug|Any CPU
		{9B97F2BC-233F-4E1D-A42B-4DB8D848050D}.Debug|Any CPU.Build.0 = Debug|Any CPU
		{9B97F2BC-233F-4E1D-A42B-4DB8D848050D}.Release|Any CPU.ActiveCfg = Release|Any CPU
		{9B97F2BC-233F-4E1D-A42B-4DB8D848050D}.Release|Any CPU.Build.0 = Release|Any CPU
		{CD55A097-C9F2-4704-A55D-292EADE562F3}.Debug|Any CPU.ActiveCfg = Debug|Any CPU
		{CD55A097-C9F2-4704-A55D-292EADE562F3}.Debug|Any CPU.Build.0 = Debug|Any CPU
		{CD55A097-C9F2-4704-A55D-292EADE562F3}.Release|Any CPU.ActiveCfg = Release|Any CPU
		{CD55A097-C9F2-4704-A55D-292EADE562F3}.Release|Any CPU.Build.0 = Release|Any CPU
		{053845B1-AA69-4A21-ABB6-69D6DBAC3422}.Debug|Any CPU.ActiveCfg = Debug|Any CPU
		{053845B1-AA69-4A21-ABB6-69D6DBAC3422}.Debug|Any CPU.Build.0 = Debug|Any CPU
		{053845B1-AA69-4A21-ABB6-69D6DBAC3422}.Release|Any CPU.ActiveCfg = Release|Any CPU
		{053845B1-AA69-4A21-ABB6-69D6DBAC3422}.Release|Any CPU.Build.0 = Release|Any CPU
		{1459775B-E569-41E9-A01C-2FCC92E7CAA7}.Debug|Any CPU.ActiveCfg = Debug|Any CPU
		{1459775B-E569-41E9-A01C-2FCC92E7CAA7}.Debug|Any CPU.Build.0 = Debug|Any CPU
		{1459775B-E569-41E9-A01C-2FCC92E7CAA7}.Release|Any CPU.ActiveCfg = Release|Any CPU
		{1459775B-E569-41E9-A01C-2FCC92E7CAA7}.Release|Any CPU.Build.0 = Release|Any CPU
		{540A13CA-108C-4600-A7C5-A0BA0C4CEDBC}.Debug|Any CPU.ActiveCfg = Debug|Any CPU
		{540A13CA-108C-4600-A7C5-A0BA0C4CEDBC}.Debug|Any CPU.Build.0 = Debug|Any CPU
		{540A13CA-108C-4600-A7C5-A0BA0C4CEDBC}.Release|Any CPU.ActiveCfg = Release|Any CPU
		{540A13CA-108C-4600-A7C5-A0BA0C4CEDBC}.Release|Any CPU.Build.0 = Release|Any CPU
		{7FE0B88B-E2CC-422C-BBA9-40B7B31EB83D}.Debug|Any CPU.ActiveCfg = Debug|Any CPU
		{7FE0B88B-E2CC-422C-BBA9-40B7B31EB83D}.Debug|Any CPU.Build.0 = Debug|Any CPU
		{7FE0B88B-E2CC-422C-BBA9-40B7B31EB83D}.Release|Any CPU.ActiveCfg = Release|Any CPU
		{7FE0B88B-E2CC-422C-BBA9-40B7B31EB83D}.Release|Any CPU.Build.0 = Release|Any CPU
	EndGlobalSection
	GlobalSection(SolutionProperties) = preSolution
		HideSolutionNode = FALSE
	EndGlobalSection
	GlobalSection(ExtensibilityGlobals) = postSolution
		SolutionGuid = {75A98FEA-2E34-45D6-B978-455F73FF5D67}
	EndGlobalSection
EndGlobal
